{
  "name": "shitufon",
  "version": "1.0.0",
  "lockfileVersion": 2,
  "requires": true,
  "packages": {
    "": {
      "name": "shitufon",
      "version": "1.0.0",
      "license": "ISC",
      "dependencies": {
        "qrcode-terminal": "^0.12.0"
      },
      "devDependencies": {
        "@types/qrcode-terminal": "^0.12.2",
        "typescript": "^5.3.3"
      }
    },
    "node_modules/@types/qrcode-terminal": {
      "version": "0.12.2",
      "resolved": "https://registry.npmjs.org/@types/qrcode-terminal/-/qrcode-terminal-0.12.2.tgz",
      "integrity": "sha512-v+RcIEJ+Uhd6ygSQ0u5YYY7ZM+la7GgPbs0V/7l/kFs2uO4S8BcIUEMoP7za4DNIqNnUD5npf0A/7kBhrCKG5Q==",
      "dev": true
    },
    "node_modules/qrcode-terminal": {
      "version": "0.12.0",
      "resolved": "https://registry.npmjs.org/qrcode-terminal/-/qrcode-terminal-0.12.0.tgz",
      "integrity": "sha512-EXtzRZmC+YGmGlDFbXKxQiMZNwCLEO6BANKXG4iCtSIM0yqc/pappSx3RIKr4r0uh5JsBckOXeKrB3Iz7mdQpQ==",
      "bin": {
        "qrcode-terminal": "bin/qrcode-terminal.js"
      }
    },
    "node_modules/typescript": {
      "version": "5.3.3",
      "resolved": "https://registry.npmjs.org/typescript/-/typescript-5.3.3.tgz",
      "integrity": "sha512-pXWcraxM0uxAS+tN0AG/BF2TyqmHO014Z070UsJ+pFvYuRSq8KH8DmWpnbXe0pEPDHXZV3FcAbJkijJ5oNEnWw==",
      "dev": true,
      "bin": {
        "tsc": "bin/tsc",
        "tsserver": "bin/tsserver"
      },
      "engines": {
        "node": ">=14.17"
      }
    }
  },
  "dependencies": {
    "@types/qrcode-terminal": {
      "version": "0.12.2",
      "resolved": "https://registry.npmjs.org/@types/qrcode-terminal/-/qrcode-terminal-0.12.2.tgz",
      "integrity": "sha512-v+RcIEJ+Uhd6ygSQ0u5YYY7ZM+la7GgPbs0V/7l/kFs2uO4S8BcIUEMoP7za4DNIqNnUD5npf0A/7kBhrCKG5Q==",
      "dev": true
    },
    "qrcode-terminal": {
      "version": "0.12.0",
      "resolved": "https://registry.npmjs.org/qrcode-terminal/-/qrcode-terminal-0.12.0.tgz",
      "integrity": "sha512-EXtzRZmC+YGmGlDFbXKxQiMZNwCLEO6BANKXG4iCtSIM0yqc/pappSx3RIKr4r0uh5JsBckOXeKrB3Iz7mdQpQ=="
    },
    "typescript": {
      "version": "5.3.3",
      "resolved": "https://registry.npmjs.org/typescript/-/typescript-5.3.3.tgz",
      "integrity": "sha512-pXWcraxM0uxAS+tN0AG/BF2TyqmHO014Z070UsJ+pFvYuRSq8KH8DmWpnbXe0pEPDHXZV3FcAbJkijJ5oNEnWw==",
      "dev": true
    }
  }
}
